
Microsoft Visual Studio Solution File, Format Version 12.00
# Visual Studio Version 17
VisualStudioVersion = 17.7.34031.279
MinimumVisualStudioVersion = 10.0.40219.1
Project("{FAE04EC0-301F-11D3-BF4B-00C04F79EFBC}") = "Total-Students", "Total-Students.csproj", "{44B081E5-8EAD-4C0F-B8A1-EB475D843951}"
EndProject
Global
	GlobalSection(SolutionConfigurationPlatforms) = preSolution
		Debug|Any CPU = Debug|Any CPU
		Release|Any CPU = Release|Any CPU
	EndGlobalSection
	GlobalSection(ProjectConfigurationPlatforms) = postSolution
		{44B081E5-8EAD-4C0F-B8A1-EB475D843951}.Debug|Any CPU.ActiveCfg = Debug|Any CPU
		{44B081E5-8EAD-4C0F-B8A1-EB475D843951}.Debug|Any CPU.Build.0 = Debug|Any CPU
		{44B081E5-8EAD-4C0F-B8A1-EB475D843951}.Release|Any CPU.ActiveCfg = Release|Any CPU
		{44B081E5-8EAD-4C0F-B8A1-EB475D843951}.Release|Any CPU.Build.0 = Release|Any CPU
	EndGlobalSection
	GlobalSection(SolutionProperties) = preSolution
		HideSolutionNode = FALSE
	EndGlobalSection
	GlobalSection(ExtensibilityGlobals) = postSolution
		SolutionGuid = {1226B22A-AAF4-43F5-A8D2-ACE68EBCF175}
	EndGlobalSection
EndGlobal
