
Microsoft Visual Studio Solution File, Format Version 12.00
# Visual Studio Version 17
VisualStudioVersion = 17.6.33815.320
MinimumVisualStudioVersion = 10.0.40219.1
Project("{FAE04EC0-301F-11D3-BF4B-00C04F79EFBC}") = "Exeptions", "Exeptions.csproj", "{CE17C5D9-9083-4A8A-860E-D2F00F24B3EC}"
EndProject
Global
	GlobalSection(SolutionConfigurationPlatforms) = preSolution
		Debug|Any CPU = Debug|Any CPU
		Release|Any CPU = Release|Any CPU
	EndGlobalSection
	GlobalSection(ProjectConfigurationPlatforms) = postSolution
		{CE17C5D9-9083-4A8A-860E-D2F00F24B3EC}.Debug|Any CPU.ActiveCfg = Debug|Any CPU
		{CE17C5D9-9083-4A8A-860E-D2F00F24B3EC}.Debug|Any CPU.Build.0 = Debug|Any CPU
		{CE17C5D9-9083-4A8A-860E-D2F00F24B3EC}.Release|Any CPU.ActiveCfg = Release|Any CPU
		{CE17C5D9-9083-4A8A-860E-D2F00F24B3EC}.Release|Any CPU.Build.0 = Release|Any CPU
	EndGlobalSection
	GlobalSection(SolutionProperties) = preSolution
		HideSolutionNode = FALSE
	EndGlobalSection
	GlobalSection(ExtensibilityGlobals) = postSolution
		SolutionGuid = {ECF434D4-B788-44EB-9758-A2BE9E94B9E6}
	EndGlobalSection
EndGlobal
