
Microsoft Visual Studio Solution File, Format Version 12.00
# Visual Studio Version 17
VisualStudioVersion = 17.6.33815.320
MinimumVisualStudioVersion = 10.0.40219.1
Project("{FAE04EC0-301F-11D3-BF4B-00C04F79EFBC}") = "Produtos", "Produtos.csproj", "{0F878A1B-6A2B-4EE1-9C8D-88EFE8500999}"
EndProject
Global
	GlobalSection(SolutionConfigurationPlatforms) = preSolution
		Debug|Any CPU = Debug|Any CPU
		Release|Any CPU = Release|Any CPU
	EndGlobalSection
	GlobalSection(ProjectConfigurationPlatforms) = postSolution
		{0F878A1B-6A2B-4EE1-9C8D-88EFE8500999}.Debug|Any CPU.ActiveCfg = Debug|Any CPU
		{0F878A1B-6A2B-4EE1-9C8D-88EFE8500999}.Debug|Any CPU.Build.0 = Debug|Any CPU
		{0F878A1B-6A2B-4EE1-9C8D-88EFE8500999}.Release|Any CPU.ActiveCfg = Release|Any CPU
		{0F878A1B-6A2B-4EE1-9C8D-88EFE8500999}.Release|Any CPU.Build.0 = Release|Any CPU
	EndGlobalSection
	GlobalSection(SolutionProperties) = preSolution
		HideSolutionNode = FALSE
	EndGlobalSection
	GlobalSection(ExtensibilityGlobals) = postSolution
		SolutionGuid = {2B45E7B3-2A54-4B9E-B344-A00D12D23DF8}
	EndGlobalSection
EndGlobal
