
Microsoft Visual Studio Solution File, Format Version 12.00
# Visual Studio Version 17
VisualStudioVersion = 17.7.34031.279
MinimumVisualStudioVersion = 10.0.40219.1
Project("{FAE04EC0-301F-11D3-BF4B-00C04F79EFBC}") = "CountingVotes", "CountingVotes.csproj", "{9A6837C8-812A-4CAB-8113-D6DBDC0FD9C3}"
EndProject
Global
	GlobalSection(SolutionConfigurationPlatforms) = preSolution
		Debug|Any CPU = Debug|Any CPU
		Release|Any CPU = Release|Any CPU
	EndGlobalSection
	GlobalSection(ProjectConfigurationPlatforms) = postSolution
		{9A6837C8-812A-4CAB-8113-D6DBDC0FD9C3}.Debug|Any CPU.ActiveCfg = Debug|Any CPU
		{9A6837C8-812A-4CAB-8113-D6DBDC0FD9C3}.Debug|Any CPU.Build.0 = Debug|Any CPU
		{9A6837C8-812A-4CAB-8113-D6DBDC0FD9C3}.Release|Any CPU.ActiveCfg = Release|Any CPU
		{9A6837C8-812A-4CAB-8113-D6DBDC0FD9C3}.Release|Any CPU.Build.0 = Release|Any CPU
	EndGlobalSection
	GlobalSection(SolutionProperties) = preSolution
		HideSolutionNode = FALSE
	EndGlobalSection
	GlobalSection(ExtensibilityGlobals) = postSolution
		SolutionGuid = {45AD679C-7289-43BB-BDC0-714F7DFA3A24}
	EndGlobalSection
EndGlobal
